{
  "name": "teen-patti-arena",
  "lockfileVersion": 3,
  "requires": true,
  "packages": {
    "": {
      "dependencies": {
        "servor": "^4.0.2"
      },
      "devDependencies": {
        "@electric-sql/pglite": "0.5.8"
      }
    },
    "node_modules/@electric-sql/pglite": {
      "version": "0.5.8",
      "resolved": "https://registry.npmjs.org/@electric-sql/pglite/-/pglite-0.5.8.tgz",
      "integrity": "sha512-n9tsbUOhwx2epK1V0ZG9Ar4SHWUju04dhmzZXiSBXwBoleOvIfals33NAaWgagQVAL4Rbvx/Ptsu3P+pA09f6Q==",
      "dev": true,
      "license": "Apache-2.0"
    },
    "node_modules/servor": {
      "version": "4.0.2",
      "resolved": "https://registry.npmjs.org/servor/-/servor-4.0.2.tgz",
      "integrity": "sha512-MlmQ5Ntv4jDYUN060x/KEmN7emvIqKMZ9OkM+nY8Bf2+KkyLmGsTqWLyAN2cZr5oESAcH00UanUyyrlS1LRjFw==",
      "bin": {
        "servor": "cli.js"
      }
    }
  }
}
